// !$*UTF8*$!
{
	archiveVersion = 1;
	classes = {
	};
	objectVersion = 50;
	objects = {

/* Begin PBXBuildFile section */
		8B776706207EA62F00378B19 /* AppDelegate.swift in Sources */ = {isa = PBXBuildFile; fileRef = 8B776705207EA62F00378B19 /* AppDelegate.swift */; };
		8B776708207EA62F00378B19 /* ViewController.swift in Sources */ = {isa = PBXBuildFile; fileRef = 8B776707207EA62F00378B19 /* ViewController.swift */; };
		8B77670B207EA62F00378B19 /* Main.storyboard in Resources */ = {isa = PBXBuildFile; fileRef = 8B776709207EA62F00378B19 /* Main.storyboard */; };
		8B77670D207EA63300378B19 /* Assets.xcassets in Resources */ = {isa = PBXBuildFile; fileRef = 8B77670C207EA63300378B19 /* Assets.xcassets */; };
		8B776710207EA63300378B19 /* LaunchScreen.storyboard in Resources */ = {isa = PBXBuildFile; fileRef = 8B77670E207EA63300378B19 /* LaunchScreen.storyboard */; };
		8B776719207EBA6700378B19 /* AbstractExpression.swift in Sources */ = {isa = PBXBuildFile; fileRef = 8B776718207EBA6700378B19 /* AbstractExpression.swift */; };
		8B77671B207EBB9300378B19 /* InterpreterContext.swift in Sources */ = {isa = PBXBuildFile; fileRef = 8B77671A207EBB9300378B19 /* InterpreterContext.swift */; };
		8B77671D207EBC3600378B19 /* TerminalExpression.swift in Sources */ = {isa = PBXBuildFile; fileRef = 8B77671C207EBC3600378B19 /* TerminalExpression.swift */; };
/* End PBXBuildFile section */

/* Begin PBXFileReference section */
		8B776702207EA62F00378B19 /* InterpreterPattern.app */ = {isa = PBXFileReference; explicitFileType = wrapper.application; includeInIndex = 0; path = InterpreterPattern.app; sourceTree = BUILT_PRODUCTS_DIR; };
		8B776705207EA62F00378B19 /* AppDelegate.swift */ = {isa = PBXFileReference; lastKnownFileType = sourcecode.swift; path = AppDelegate.swift; sourceTree = "<group>"; };
		8B776707207EA62F00378B19 /* ViewController.swift */ = {isa = PBXFileReference; lastKnownFileType = sourcecode.swift; path = ViewController.swift; sourceTree = "<group>"; };
		8B77670A207EA62F00378B19 /* Base */ = {isa = PBXFileReference; lastKnownFileType = file.storyboard; name = Base; path = Base.lproj/Main.storyboard; sourceTree = "<group>"; };
		8B77670C207EA63300378B19 /* Assets.xcassets */ = {isa = PBXFileReference; lastKnownFileType = folder.assetcatalog; path = Assets.xcassets; sourceTree = "<group>"; };
		8B77670F207EA63300378B19 /* Base */ = {isa = PBXFileReference; lastKnownFileType = file.storyboard; name = Base; path = Base.lproj/LaunchScreen.storyboard; sourceTree = "<group>"; };
		8B776711207EA63300378B19 /* Info.plist */ = {isa = PBXFileReference; lastKnownFileType = text.plist.xml; path = Info.plist; sourceTree = "<group>"; };
		8B776718207EBA6700378B19 /* AbstractExpression.swift */ = {isa = PBXFileReference; lastKnownFileType = sourcecode.swift; path = AbstractExpression.swift; sourceTree = "<group>"; };
		8B77671A207EBB9300378B19 /* InterpreterContext.swift */ = {isa = PBXFileReference; lastKnownFileType = sourcecode.swift; path = InterpreterContext.swift; sourceTree = "<group>"; };
		8B77671C207EBC3600378B19 /* TerminalExpression.swift */ = {isa = PBXFileReference; lastKnownFileType = sourcecode.swift; path = TerminalExpression.swift; sourceTree = "<group>"; };
/* End PBXFileReference section */

/* Begin PBXFrameworksBuildPhase section */
		8B7766FF207EA62F00378B19 /* Frameworks */ = {
			isa = PBXFrameworksBuildPhase;
			buildActionMask = 2147483647;
			files = (
			);
			runOnlyForDeploymentPostprocessing = 0;
		};
/* End PBXFrameworksBuildPhase section */

/* Begin PBXGroup section */
		8B7766F9207EA62F00378B19 = {
			isa = PBXGroup;
			children = (
				8B776704207EA62F00378B19 /* InterpreterPattern */,
				8B776703207EA62F00378B19 /* Products */,
			);
			sourceTree = "<group>";
		};
		8B776703207EA62F00378B19 /* Products */ = {
			isa = PBXGroup;
			children = (
				8B776702207EA62F00378B19 /* InterpreterPattern.app */,
			);
			name = Products;
			sourceTree = "<group>";
		};
		8B776704207EA62F00378B19 /* InterpreterPattern */ = {
			isa = PBXGroup;
			children = (
				8B776717207EB56700378B19 /* Interpret */,
				8B776705207EA62F00378B19 /* AppDelegate.swift */,
				8B776707207EA62F00378B19 /* ViewController.swift */,
				8B776709207EA62F00378B19 /* Main.storyboard */,
				8B77670C207EA63300378B19 /* Assets.xcassets */,
				8B77670E207EA63300378B19 /* LaunchScreen.storyboard */,
				8B776711207EA63300378B19 /* Info.plist */,
			);
			path = InterpreterPattern;
			sourceTree = "<group>";
		};
		8B776717207EB56700378B19 /* Interpret */ = {
			isa = PBXGroup;
			children = (
				8B776718207EBA6700378B19 /* AbstractExpression.swift */,
				8B77671A207EBB9300378B19 /* InterpreterContext.swift */,
				8B77671C207EBC3600378B19 /* TerminalExpression.swift */,
			);
			path = Interpret;
			sourceTree = "<group>";
		};
/* End PBXGroup section */

/* Begin PBXNativeTarget section */
		8B776701207EA62F00378B19 /* InterpreterPattern */ = {
			isa = PBXNativeTarget;
			buildConfigurationList = 8B776714207EA63300378B19 /* Build configuration list for PBXNativeTarget "InterpreterPattern" */;
			buildPhases = (
				8B7766FE207EA62F00378B19 /* Sources */,
				8B7766FF207EA62F00378B19 /* Frameworks */,
				8B776700207EA62F00378B19 /* Resources */,
			);
			buildRules = (
			);
			dependencies = (
			);
			name = InterpreterPattern;
			productName = InterpreterPattern;
			productReference = 8B776702207EA62F00378B19 /* InterpreterPattern.app */;
			productType = "com.apple.product-type.application";
		};
/* End PBXNativeTarget section */

/* Begin PBXProject section */
		8B7766FA207EA62F00378B19 /* Project object */ = {
			isa = PBXProject;
			attributes = {
				LastSwiftUpdateCheck = 0930;
				LastUpgradeCheck = 0930;
				ORGANIZATIONNAME = Developer;
				TargetAttributes = {
					8B776701207EA62F00378B19 = {
						CreatedOnToolsVersion = 9.3;
					};
				};
			};
			buildConfigurationList = 8B7766FD207EA62F00378B19 /* Build configuration list for PBXProject "InterpreterPattern" */;
			compatibilityVersion = "Xcode 9.3";
			developmentRegion = en;
			hasScannedForEncodings = 0;
			knownRegions = (
				en,
				Base,
			);
			mainGroup = 8B7766F9207EA62F00378B19;
			productRefGroup = 8B776703207EA62F00378B19 /* Products */;
			projectDirPath = "";
			projectRoot = "";
			targets = (
				8B776701207EA62F00378B19 /* InterpreterPattern */,
			);
		};
/* End PBXProject section */

/* Begin PBXResourcesBuildPhase section */
		8B776700207EA62F00378B19 /* Resources */ = {
			isa = PBXResourcesBuildPhase;
			buildActionMask = 2147483647;
			files = (
				8B776710207EA63300378B19 /* LaunchScreen.storyboard in Resources */,
				8B77670D207EA63300378B19 /* Assets.xcassets in Resources */,
				8B77670B207EA62F00378B19 /* Main.storyboard in Resources */,
			);
			runOnlyForDeploymentPostprocessing = 0;
		};
/* End PBXResourcesBuildPhase section */

/* Begin PBXSourcesBuildPhase section */
		8B7766FE207EA62F00378B19 /* Sources */ = {
			isa = PBXSourcesBuildPhase;
			buildActionMask = 2147483647;
			files = (
				8B77671B207EBB9300378B19 /* InterpreterContext.swift in Sources */,
				8B776708207EA62F00378B19 /* ViewController.swift in Sources */,
				8B77671D207EBC3600378B19 /* TerminalExpression.swift in Sources */,
				8B776719207EBA6700378B19 /* AbstractExpression.swift in Sources */,
				8B776706207EA62F00378B19 /* AppDelegate.swift in Sources */,
			);
			runOnlyForDeploymentPostprocessing = 0;
		};
/* End PBXSourcesBuildPhase section */

/* Begin PBXVariantGroup section */
		8B776709207EA62F00378B19 /* Main.storyboard */ = {
			isa = PBXVariantGroup;
			children = (
				8B77670A207EA62F00378B19 /* Base */,
			);
			name = Main.storyboard;
			sourceTree = "<group>";
		};
		8B77670E207EA63300378B19 /* LaunchScreen.storyboard */ = {
			isa = PBXVariantGroup;
			children = (
				8B77670F207EA63300378B19 /* Base */,
			);
			name = LaunchScreen.storyboard;
			sourceTree = "<group>";
		};
/* End PBXVariantGroup section */

/* Begin XCBuildConfiguration section */
		8B776712207EA63300378B19 /* Debug */ = {
			isa = XCBuildConfiguration;
			buildSettings = {
				ALWAYS_SEARCH_USER_PATHS = NO;
				CLANG_ANALYZER_NONNULL = YES;
				CLANG_ANALYZER_NUMBER_OBJECT_CONVERSION = YES_AGGRESSIVE;
				CLANG_CXX_LANGUAGE_STANDARD = "gnu++14";
				CLANG_CXX_LIBRARY = "libc++";
				CLANG_ENABLE_MODULES = YES;
				CLANG_ENABLE_OBJC_ARC = YES;
				CLANG_ENABLE_OBJC_WEAK = YES;
				CLANG_WARN_BLOCK_CAPTURE_AUTORELEASING = YES;
				CLANG_WARN_BOOL_CONVERSION = YES;
				CLANG_WARN_COMMA = YES;
				CLANG_WARN_CONSTANT_CONVERSION = YES;
				CLANG_WARN_DEPRECATED_OBJC_IMPLEMENTATIONS = YES;
				CLANG_WARN_DIRECT_OBJC_ISA_USAGE = YES_ERROR;
				CLANG_WARN_DOCUMENTATION_COMMENTS = YES;
				CLANG_WARN_EMPTY_BODY = YES;
				CLANG_WARN_ENUM_CONVERSION = YES;
				CLANG_WARN_INFINITE_RECURSION = YES;
				CLANG_WARN_INT_CONVERSION = YES;
				CLANG_WARN_NON_LITERAL_NULL_CONVERSION = YES;
				CLANG_WARN_OBJC_IMPLICIT_RETAIN_SELF = YES;
				CLANG_WARN_OBJC_LITERAL_CONVERSION = YES;
				CLANG_WARN_OBJC_ROOT_CLASS = YES_ERROR;
				CLANG_WARN_RANGE_LOOP_ANALYSIS = YES;
				CLANG_WARN_STRICT_PROTOTYPES = YES;
				CLANG_WARN_SUSPICIOUS_MOVE = YES;
				CLANG_WARN_UNGUARDED_AVAILABILITY = YES_AGGRESSIVE;
				CLANG_WARN_UNREACHABLE_CODE = YES;
				CLANG_WARN__DUPLICATE_METHOD_MATCH = YES;
				CODE_SIGN_IDENTITY = "iPhone Developer";
				COPY_PHASE_STRIP = NO;
				DEBUG_INFORMATION_FORMAT = dwarf;
				ENABLE_STRICT_OBJC_MSGSEND = YES;
				ENABLE_TESTABILITY = YES;
				GCC_C_LANGUAGE_STANDARD = gnu11;
				GCC_DYNAMIC_NO_PIC = NO;
				GCC_NO_COMMON_BLOCKS = YES;
				GCC_OPTIMIZATION_LEVEL = 0;
				GCC_PREPROCESSOR_DEFINITIONS = (
					"DEBUG=1",
					"$(inherited)",
				);
				GCC_WARN_64_TO_32_BIT_CONVERSION = YES;
				GCC_WARN_ABOUT_RETURN_TYPE = YES_ERROR;
				GCC_WARN_UNDECLARED_SELECTOR = YES;
				GCC_WARN_UNINITIALIZED_AUTOS = YES_AGGRESSIVE;
				GCC_WARN_UNUSED_FUNCTION = YES;
				GCC_WARN_UNUSED_VARIABLE = YES;
				IPHONEOS_DEPLOYMENT_TARGET = 11.3;
				MTL_ENABLE_DEBUG_INFO = YES;
				ONLY_ACTIVE_ARCH = YES;
				SDKROOT = iphoneos;
				SWIFT_ACTIVE_COMPILATION_CONDITIONS = DEBUG;
				SWIFT_OPTIMIZATION_LEVEL = "-Onone";
			};
			name = Debug;
		};
		8B776713207EA63300378B19 /* Release */ = {
			isa = XCBuildConfiguration;
			buildSettings = {
				ALWAYS_SEARCH_USER_PATHS = NO;
				CLANG_ANALYZER_NONNULL = YES;
				CLANG_ANALYZER_NUMBER_OBJECT_CONVERSION = YES_AGGRESSIVE;
				CLANG_CXX_LANGUAGE_STANDARD = "gnu++14";
				CLANG_CXX_LIBRARY = "libc++";
				CLANG_ENABLE_MODULES = YES;
				CLANG_ENABLE_OBJC_ARC = YES;
				CLANG_ENABLE_OBJC_WEAK = YES;
				CLANG_WARN_BLOCK_CAPTURE_AUTORELEASING = YES;
				CLANG_WARN_BOOL_CONVERSION = YES;
				CLANG_WARN_COMMA = YES;
				CLANG_WARN_CONSTANT_CONVERSION = YES;
				CLANG_WARN_DEPRECATED_OBJC_IMPLEMENTATIONS = YES;
				CLANG_WARN_DIRECT_OBJC_ISA_USAGE = YES_ERROR;
				CLANG_WARN_DOCUMENTATION_COMMENTS = YES;
				CLANG_WARN_EMPTY_BODY = YES;
				CLANG_WARN_ENUM_CONVERSION = YES;
				CLANG_WARN_INFINITE_RECURSION = YES;
				CLANG_WARN_INT_CONVERSION = YES;
				CLANG_WARN_NON_LITERAL_NULL_CONVERSION = YES;
				CLANG_WARN_OBJC_IMPLICIT_RETAIN_SELF = YES;
				CLANG_WARN_OBJC_LITERAL_CONVERSION = YES;
				CLANG_WARN_OBJC_ROOT_CLASS = YES_ERROR;
				CLANG_WARN_RANGE_LOOP_ANALYSIS = YES;
				CLANG_WARN_STRICT_PROTOTYPES = YES;
				CLANG_WARN_SUSPICIOUS_MOVE = YES;
				CLANG_WARN_UNGUARDED_AVAILABILITY = YES_AGGRESSIVE;
				CLANG_WARN_UNREACHABLE_CODE = YES;
				CLANG_WARN__DUPLICATE_METHOD_MATCH = YES;
				CODE_SIGN_IDENTITY = "iPhone Developer";
				COPY_PHASE_STRIP = NO;
				DEBUG_INFORMATION_FORMAT = "dwarf-with-dsym";
				ENABLE_NS_ASSERTIONS = NO;
				ENABLE_STRICT_OBJC_MSGSEND = YES;
				GCC_C_LANGUAGE_STANDARD = gnu11;
				GCC_NO_COMMON_BLOCKS = YES;
				GCC_WARN_64_TO_32_BIT_CONVERSION = YES;
				GCC_WARN_ABOUT_RETURN_TYPE = YES_ERROR;
				GCC_WARN_UNDECLARED_SELECTOR = YES;
				GCC_WARN_UNINITIALIZED_AUTOS = YES_AGGRESSIVE;
				GCC_WARN_UNUSED_FUNCTION = YES;
				GCC_WARN_UNUSED_VARIABLE = YES;
				IPHONEOS_DEPLOYMENT_TARGET = 11.3;
				MTL_ENABLE_DEBUG_INFO = NO;
				SDKROOT = iphoneos;
				SWIFT_COMPILATION_MODE = wholemodule;
				SWIFT_OPTIMIZATION_LEVEL = "-O";
				VALIDATE_PRODUCT = YES;
			};
			name = Release;
		};
		8B776715207EA63300378B19 /* Debug */ = {
			isa = XCBuildConfiguration;
			buildSettings = {
				ASSETCATALOG_COMPILER_APPICON_NAME = AppIcon;
				CODE_SIGN_STYLE = Automatic;
				DEVELOPMENT_TEAM = KUKZ26SM39;
				INFOPLIST_FILE = InterpreterPattern/Info.plist;
				LD_RUNPATH_SEARCH_PATHS = (
					"$(inherited)",
					"@executable_path/Frameworks",
				);
				PRODUCT_BUNDLE_IDENTIFIER = itexico.InterpreterPattern;
				PRODUCT_NAME = "$(TARGET_NAME)";
				SWIFT_VERSION = 4.0;
				TARGETED_DEVICE_FAMILY = "1,2";
			};
			name = Debug;
		};
		8B776716207EA63300378B19 /* Release */ = {
			isa = XCBuildConfiguration;
			buildSettings = {
				ASSETCATALOG_COMPILER_APPICON_NAME = AppIcon;
				CODE_SIGN_STYLE = Automatic;
				DEVELOPMENT_TEAM = KUKZ26SM39;
				INFOPLIST_FILE = InterpreterPattern/Info.plist;
				LD_RUNPATH_SEARCH_PATHS = (
					"$(inherited)",
					"@executable_path/Frameworks",
				);
				PRODUCT_BUNDLE_IDENTIFIER = itexico.InterpreterPattern;
				PRODUCT_NAME = "$(TARGET_NAME)";
				SWIFT_VERSION = 4.0;
				TARGETED_DEVICE_FAMILY = "1,2";
			};
			name = Release;
		};
/* End XCBuildConfiguration section */

/* Begin XCConfigurationList section */
		8B7766FD207EA62F00378B19 /* Build configuration list for PBXProject "InterpreterPattern" */ = {
			isa = XCConfigurationList;
			buildConfigurations = (
				8B776712207EA63300378B19 /* Debug */,
				8B776713207EA63300378B19 /* Release */,
			);
			defaultConfigurationIsVisible = 0;
			defaultConfigurationName = Release;
		};
		8B776714207EA63300378B19 /* Build configuration list for PBXNativeTarget "InterpreterPattern" */ = {
			isa = XCConfigurationList;
			buildConfigurations = (
				8B776715207EA63300378B19 /* Debug */,
				8B776716207EA63300378B19 /* Release */,
			);
			defaultConfigurationIsVisible = 0;
			defaultConfigurationName = Release;
		};
/* End XCConfigurationList section */
	};
	rootObject = 8B7766FA207EA62F00378B19 /* Project object */;
}
